
Microsoft Visual Studio Solution File, Format Version 12.00
# Visual Studio Version 16
VisualStudioVersion = 16.0.29509.3
MinimumVisualStudioVersion = 10.0.40219.1
Project("{9A19103F-16F7-4668-BE54-9A1E7A4F7556}") = "OnlineShopping.Api", "OnlineShopping.Api\OnlineShopping.Api.csproj", "{C0F7F784-300B-409F-9DB9-49E9398161EE}"
EndProject
Project("{9A19103F-16F7-4668-BE54-9A1E7A4F7556}") = "OnlineShopping.Tests", "OnlineShopping.Tests\OnlineShopping.Tests.csproj", "{B8EB8655-3888-4AA6-8BF5-0BB7FAFF9F23}"
EndProject
Project("{FAE04EC0-301F-11D3-BF4B-00C04F79EFBC}") = "OnlineShopping.Services", "OnlineShopping.Services\OnlineShopping.Services.csproj", "{E9566798-DFAD-46C8-B778-FE35592A0587}"
EndProject
Project("{FAE04EC0-301F-11D3-BF4B-00C04F79EFBC}") = "OnlineShopping.Entities", "OnlineShopping.Entities\OnlineShopping.Entities.csproj", "{158694C1-5AF7-4E76-B231-875536C6B670}"
EndProject
Global
	GlobalSection(SolutionConfigurationPlatforms) = preSolution
		Debug|Any CPU = Debug|Any CPU
		Release|Any CPU = Release|Any CPU
	EndGlobalSection
	GlobalSection(ProjectConfigurationPlatforms) = postSolution
		{C0F7F784-300B-409F-9DB9-49E9398161EE}.Debug|Any CPU.ActiveCfg = Debug|Any CPU
		{C0F7F784-300B-409F-9DB9-49E9398161EE}.Debug|Any CPU.Build.0 = Debug|Any CPU
		{C0F7F784-300B-409F-9DB9-49E9398161EE}.Release|Any CPU.ActiveCfg = Release|Any CPU
		{C0F7F784-300B-409F-9DB9-49E9398161EE}.Release|Any CPU.Build.0 = Release|Any CPU
		{B8EB8655-3888-4AA6-8BF5-0BB7FAFF9F23}.Debug|Any CPU.ActiveCfg = Debug|Any CPU
		{B8EB8655-3888-4AA6-8BF5-0BB7FAFF9F23}.Debug|Any CPU.Build.0 = Debug|Any CPU
		{B8EB8655-3888-4AA6-8BF5-0BB7FAFF9F23}.Release|Any CPU.ActiveCfg = Release|Any CPU
		{B8EB8655-3888-4AA6-8BF5-0BB7FAFF9F23}.Release|Any CPU.Build.0 = Release|Any CPU
		{E9566798-DFAD-46C8-B778-FE35592A0587}.Debug|Any CPU.ActiveCfg = Debug|Any CPU
		{E9566798-DFAD-46C8-B778-FE35592A0587}.Debug|Any CPU.Build.0 = Debug|Any CPU
		{E9566798-DFAD-46C8-B778-FE35592A0587}.Release|Any CPU.ActiveCfg = Release|Any CPU
		{E9566798-DFAD-46C8-B778-FE35592A0587}.Release|Any CPU.Build.0 = Release|Any CPU
		{158694C1-5AF7-4E76-B231-875536C6B670}.Debug|Any CPU.ActiveCfg = Debug|Any CPU
		{158694C1-5AF7-4E76-B231-875536C6B670}.Debug|Any CPU.Build.0 = Debug|Any CPU
		{158694C1-5AF7-4E76-B231-875536C6B670}.Release|Any CPU.ActiveCfg = Release|Any CPU
		{158694C1-5AF7-4E76-B231-875536C6B670}.Release|Any CPU.Build.0 = Release|Any CPU
	EndGlobalSection
	GlobalSection(SolutionProperties) = preSolution
		HideSolutionNode = FALSE
	EndGlobalSection
	GlobalSection(ExtensibilityGlobals) = postSolution
		SolutionGuid = {3F9AF5C7-8352-4061-957D-4CDC3A55D869}
	EndGlobalSection
EndGlobal
